{
  "name": "syntharra-automations",
  "lockfileVersion": 3,
  "requires": true,
  "packages": {
    "": {
      "dependencies": {
        "retell-sdk": "^5.12.0"
      }
    },
    "node_modules/retell-sdk": {
      "version": "5.12.0",
      "resolved": "https://registry.npmjs.org/retell-sdk/-/retell-sdk-5.12.0.tgz",
      "integrity": "sha512-iqA9+gtHvKZLlTgdJEgf5qSUKX9GtIPCo9D441RLlyHF8zG3cE2HpcFcrc//jQeY90RrKmeVvqvYnjBXjY1b/A==",
      "license": "Apache-2.0"
    }
  }
}
